{
  "name": "dweeve",
  "version": "1.0.0",
  "lockfileVersion": 1,
  "requires": true,
  "dependencies": {
    "commander": {
      "version": "2.20.3",
      "resolved": "https://registry.npmjs.org/commander/-/commander-2.20.3.tgz",
      "integrity": "sha512-GpVkmM8vF2vQUkj2LvZmD35JxeJOLCwJ9cUkugyk2nuhbv3+mJvpLYYt+0+USMxE+oj+ey/lJEnhZw75x/OMcQ=="
    },
    "complexion": {
      "version": "0.2.1",
      "resolved": "https://registry.npmjs.org/complexion/-/complexion-0.2.1.tgz",
      "integrity": "sha512-NVK3Ibs0KihS3E6RyEWi4w1+gL5ZfhqpDnmdgtZtAcux2U2asRNkNyFt139YhsMNRnJ2pynAI3XuieaispjIHg==",
      "dev": true
    },
    "complexion-js": {
      "version": "0.2.1",
      "resolved": "https://registry.npmjs.org/complexion-js/-/complexion-js-0.2.1.tgz",
      "integrity": "sha512-vZeRuVY7TB9yz3tcL5kSqRff75alVwtvZyNIFSrOS0SXtZ6XiF+6nTL35Ek6jM6PjBbxAp2on3lmJxW6Oe9pkQ==",
      "dev": true
    },
    "dictionaryjs": {
      "version": "1.0.9",
      "resolved": "https://registry.npmjs.org/dictionaryjs/-/dictionaryjs-1.0.9.tgz",
      "integrity": "sha512-T2cVczPjEnHd3M33l4VQefvQE1PiRviJpTCV5y6umgbipB1CYXNdzj3OP/SRImqRqpYS1bkJDpiT4e8zNkF/oA=="
    },
    "discontinuous-range": {
      "version": "1.0.0",
      "resolved": "https://registry.npmjs.org/discontinuous-range/-/discontinuous-range-1.0.0.tgz",
      "integrity": "sha1-44Mx8IRLukm5qctxx3FYWqsbxlo="
    },
    "moo": {
      "version": "0.5.1",
      "resolved": "https://registry.npmjs.org/moo/-/moo-0.5.1.tgz",
      "integrity": "sha512-I1mnb5xn4fO80BH9BLcF0yLypy2UKl+Cb01Fu0hJRkJjlCRtxZMWkTdAtDd5ZqCOxtCkhmRwyI57vWT+1iZ67w=="
    },
    "nearley": {
      "version": "2.19.0",
      "resolved": "https://registry.npmjs.org/nearley/-/nearley-2.19.0.tgz",
      "integrity": "sha512-2v52FTw7RPqieZr3Gth1luAXZR7Je6q3KaDHY5bjl/paDUdMu35fZ8ICNgiYJRr3tf3NMvIQQR1r27AvEr9CRA==",
      "requires": {
        "commander": "^2.19.0",
        "moo": "^0.4.3",
        "railroad-diagrams": "^1.0.0",
        "randexp": "0.4.6",
        "semver": "^5.4.1"
      },
      "dependencies": {
        "moo": {
          "version": "0.4.3",
          "resolved": "https://registry.npmjs.org/moo/-/moo-0.4.3.tgz",
          "integrity": "sha512-gFD2xGCl8YFgGHsqJ9NKRVdwlioeW3mI1iqfLNYQOv0+6JRwG58Zk9DIGQgyIaffSYaO1xsKnMaYzzNr1KyIAw=="
        }
      }
    },
    "option-parser": {
      "version": "1.0.0",
      "resolved": "https://registry.npmjs.org/option-parser/-/option-parser-1.0.0.tgz",
      "integrity": "sha1-nUcPlpt8sM0rtbdemYvplhulcgY=",
      "dev": true
    },
    "pretty-js": {
      "version": "0.2.1",
      "resolved": "https://registry.npmjs.org/pretty-js/-/pretty-js-0.2.1.tgz",
      "integrity": "sha512-o77y3N4thZLkHe8K6g05l2ozK8SjyMQs1rut2l/fF0dTwggE6FF0Cod6XghlBwJu3wF/NChBK69QpyS/UqtqVQ==",
      "dev": true,
      "requires": {
        "complexion": "^0.2.1",
        "complexion-js": "^0.2.1",
        "option-parser": "^1.0.0",
        "process-files": "^1.0.0"
      }
    },
    "process-files": {
      "version": "1.0.0",
      "resolved": "https://registry.npmjs.org/process-files/-/process-files-1.0.0.tgz",
      "integrity": "sha1-LRq4SHZ1IhhBqiv98iCFYU1YjyM=",
      "dev": true
    },
    "railroad-diagrams": {
      "version": "1.0.0",
      "resolved": "https://registry.npmjs.org/railroad-diagrams/-/railroad-diagrams-1.0.0.tgz",
      "integrity": "sha1-635iZ1SN3t+4mcG5Dlc3RVnN234="
    },
    "randexp": {
      "version": "0.4.6",
      "resolved": "https://registry.npmjs.org/randexp/-/randexp-0.4.6.tgz",
      "integrity": "sha512-80WNmd9DA0tmZrw9qQa62GPPWfuXJknrmVmLcxvq4uZBdYqb1wYoKTmnlGUchvVWe0XiLupYkBoXVOxz3C8DYQ==",
      "requires": {
        "discontinuous-range": "1.0.0",
        "ret": "~0.1.10"
      }
    },
    "ret": {
      "version": "0.1.15",
      "resolved": "https://registry.npmjs.org/ret/-/ret-0.1.15.tgz",
      "integrity": "sha512-TTlYpa+OL+vMMNG24xSlQGEJ3B/RzEfUlLct7b5G/ytav+wPrplCpVMFuwzXbkecJrb6IYo1iFb0S9v37754mg=="
    },
    "semver": {
      "version": "5.7.1",
      "resolved": "https://registry.npmjs.org/semver/-/semver-5.7.1.tgz",
      "integrity": "sha512-sauaDf/PZdVgrLTNYHRtpXa1iRiKcaebiKQ1BJdpQlWH2lCvexQdX55snPFyK7QzpudqbCI0qXFfOasHdyNDGQ=="
    },
    "source-map": {
      "version": "0.7.3",
      "resolved": "https://registry.npmjs.org/source-map/-/source-map-0.7.3.tgz",
      "integrity": "sha512-CkCj6giN3S+n9qrYiBTX5gystlENnRW5jZeNLHpe6aue+SrHcG5VYwujhW9s4dY31mEGsxBDrHR6oI69fTXsaQ=="
    }
  }
}
